// !$*UTF8*$!
{
	archiveVersion = 1;
	classes = {
	};
	objectVersion = 46;
	objects = {

/* Begin PBXBuildFile section */
		CF1EBE851A8887C3005D89A3 /* main.m in Sources */ = {isa = PBXBuildFile; fileRef = CF1EBE841A8887C3005D89A3 /* main.m */; };
		CF1EBE881A8887C3005D89A3 /* AppDelegate.m in Sources */ = {isa = PBXBuildFile; fileRef = CF1EBE871A8887C3005D89A3 /* AppDelegate.m */; };
		CF1EBE8B1A8887C3005D89A3 /* ViewController.m in Sources */ = {isa = PBXBuildFile; fileRef = CF1EBE8A1A8887C3005D89A3 /* ViewController.m */; };
		CF1EBE8E1A8887C3005D89A3 /* Main.storyboard in Resources */ = {isa = PBXBuildFile; fileRef = CF1EBE8C1A8887C3005D89A3 /* Main.storyboard */; };
		CF1EBE901A8887C3005D89A3 /* Images.xcassets in Resources */ = {isa = PBXBuildFile; fileRef = CF1EBE8F1A8887C3005D89A3 /* Images.xcassets */; };
		CF1EBE931A8887C3005D89A3 /* LaunchScreen.xib in Resources */ = {isa = PBXBuildFile; fileRef = CF1EBE911A8887C3005D89A3 /* LaunchScreen.xib */; };
		CF1EBE9F1A8887C3005D89A3 /* iPhoneTTTests.m in Sources */ = {isa = PBXBuildFile; fileRef = CF1EBE9E1A8887C3005D89A3 /* iPhoneTTTests.m */; };
		CFCEF17B1A88987A00745004 /* YBDeviceManager.m in Sources */ = {isa = PBXBuildFile; fileRef = CFCEF17A1A88987A00745004 /* YBDeviceManager.m */; };
/* End PBXBuildFile section */

/* Begin PBXContainerItemProxy section */
		CF1EBE991A8887C3005D89A3 /* PBXContainerItemProxy */ = {
			isa = PBXContainerItemProxy;
			containerPortal = CF1EBE771A8887C3005D89A3 /* Project object */;
			proxyType = 1;
			remoteGlobalIDString = CF1EBE7E1A8887C3005D89A3;
			remoteInfo = iPhoneTT;
		};
/* End PBXContainerItemProxy section */

/* Begin PBXFileReference section */
		CF1EBE7F1A8887C3005D89A3 /* iPhoneTT.app */ = {isa = PBXFileReference; explicitFileType = wrapper.application; includeInIndex = 0; path = iPhoneTT.app; sourceTree = BUILT_PRODUCTS_DIR; };
		CF1EBE831A8887C3005D89A3 /* Info.plist */ = {isa = PBXFileReference; lastKnownFileType = text.plist.xml; path = Info.plist; sourceTree = "<group>"; };
		CF1EBE841A8887C3005D89A3 /* main.m */ = {isa = PBXFileReference; lastKnownFileType = sourcecode.c.objc; path = main.m; sourceTree = "<group>"; };
		CF1EBE861A8887C3005D89A3 /* AppDelegate.h */ = {isa = PBXFileReference; lastKnownFileType = sourcecode.c.h; path = AppDelegate.h; sourceTree = "<group>"; };
		CF1EBE871A8887C3005D89A3 /* AppDelegate.m */ = {isa = PBXFileReference; lastKnownFileType = sourcecode.c.objc; path = AppDelegate.m; sourceTree = "<group>"; };
		CF1EBE891A8887C3005D89A3 /* ViewController.h */ = {isa = PBXFileReference; lastKnownFileType = sourcecode.c.h; path = ViewController.h; sourceTree = "<group>"; };
		CF1EBE8A1A8887C3005D89A3 /* ViewController.m */ = {isa = PBXFileReference; lastKnownFileType = sourcecode.c.objc; path = ViewController.m; sourceTree = "<group>"; };
		CF1EBE8D1A8887C3005D89A3 /* Base */ = {isa = PBXFileReference; lastKnownFileType = file.storyboard; name = Base; path = Base.lproj/Main.storyboard; sourceTree = "<group>"; };
		CF1EBE8F1A8887C3005D89A3 /* Images.xcassets */ = {isa = PBXFileReference; lastKnownFileType = folder.assetcatalog; path = Images.xcassets; sourceTree = "<group>"; };
		CF1EBE921A8887C3005D89A3 /* Base */ = {isa = PBXFileReference; lastKnownFileType = file.xib; name = Base; path = Base.lproj/LaunchScreen.xib; sourceTree = "<group>"; };
		CF1EBE981A8887C3005D89A3 /* iPhoneTTTests.xctest */ = {isa = PBXFileReference; explicitFileType = wrapper.cfbundle; includeInIndex = 0; path = iPhoneTTTests.xctest; sourceTree = BUILT_PRODUCTS_DIR; };
		CF1EBE9D1A8887C3005D89A3 /* Info.plist */ = {isa = PBXFileReference; lastKnownFileType = text.plist.xml; path = Info.plist; sourceTree = "<group>"; };
		CF1EBE9E1A8887C3005D89A3 /* iPhoneTTTests.m */ = {isa = PBXFileReference; lastKnownFileType = sourcecode.c.objc; path = iPhoneTTTests.m; sourceTree = "<group>"; };
		CFCEF1791A88987A00745004 /* YBDeviceManager.h */ = {isa = PBXFileReference; fileEncoding = 4; lastKnownFileType = sourcecode.c.h; path = YBDeviceManager.h; sourceTree = "<group>"; };
		CFCEF17A1A88987A00745004 /* YBDeviceManager.m */ = {isa = PBXFileReference; fileEncoding = 4; lastKnownFileType = sourcecode.c.objc; path = YBDeviceManager.m; sourceTree = "<group>"; };
/* End PBXFileReference section */

/* Begin PBXFrameworksBuildPhase section */
		CF1EBE7C1A8887C3005D89A3 /* Frameworks */ = {
			isa = PBXFrameworksBuildPhase;
			buildActionMask = 2147483647;
			files = (
			);
			runOnlyForDeploymentPostprocessing = 0;
		};
		CF1EBE951A8887C3005D89A3 /* Frameworks */ = {
			isa = PBXFrameworksBuildPhase;
			buildActionMask = 2147483647;
			files = (
			);
			runOnlyForDeploymentPostprocessing = 0;
		};
/* End PBXFrameworksBuildPhase section */

/* Begin PBXGroup section */
		CF1EBE761A8887C3005D89A3 = {
			isa = PBXGroup;
			children = (
				CF1EBE811A8887C3005D89A3 /* iPhoneTT */,
				CF1EBE9B1A8887C3005D89A3 /* iPhoneTTTests */,
				CF1EBE801A8887C3005D89A3 /* Products */,
			);
			sourceTree = "<group>";
		};
		CF1EBE801A8887C3005D89A3 /* Products */ = {
			isa = PBXGroup;
			children = (
				CF1EBE7F1A8887C3005D89A3 /* iPhoneTT.app */,
				CF1EBE981A8887C3005D89A3 /* iPhoneTTTests.xctest */,
			);
			name = Products;
			sourceTree = "<group>";
		};
		CF1EBE811A8887C3005D89A3 /* iPhoneTT */ = {
			isa = PBXGroup;
			children = (
				CF1EBE861A8887C3005D89A3 /* AppDelegate.h */,
				CF1EBE871A8887C3005D89A3 /* AppDelegate.m */,
				CF1EBE891A8887C3005D89A3 /* ViewController.h */,
				CF1EBE8A1A8887C3005D89A3 /* ViewController.m */,
				CF1EBE8C1A8887C3005D89A3 /* Main.storyboard */,
				CF1EBE8F1A8887C3005D89A3 /* Images.xcassets */,
				CF1EBE911A8887C3005D89A3 /* LaunchScreen.xib */,
				CF1EBE821A8887C3005D89A3 /* Supporting Files */,
				CFCEF1791A88987A00745004 /* YBDeviceManager.h */,
				CFCEF17A1A88987A00745004 /* YBDeviceManager.m */,
			);
			path = iPhoneTT;
			sourceTree = "<group>";
		};
		CF1EBE821A8887C3005D89A3 /* Supporting Files */ = {
			isa = PBXGroup;
			children = (
				CF1EBE831A8887C3005D89A3 /* Info.plist */,
				CF1EBE841A8887C3005D89A3 /* main.m */,
			);
			name = "Supporting Files";
			sourceTree = "<group>";
		};
		CF1EBE9B1A8887C3005D89A3 /* iPhoneTTTests */ = {
			isa = PBXGroup;
			children = (
				CF1EBE9E1A8887C3005D89A3 /* iPhoneTTTests.m */,
				CF1EBE9C1A8887C3005D89A3 /* Supporting Files */,
			);
			path = iPhoneTTTests;
			sourceTree = "<group>";
		};
		CF1EBE9C1A8887C3005D89A3 /* Supporting Files */ = {
			isa = PBXGroup;
			children = (
				CF1EBE9D1A8887C3005D89A3 /* Info.plist */,
			);
			name = "Supporting Files";
			sourceTree = "<group>";
		};
/* End PBXGroup section */

/* Begin PBXNativeTarget section */
		CF1EBE7E1A8887C3005D89A3 /* iPhoneTT */ = {
			isa = PBXNativeTarget;
			buildConfigurationList = CF1EBEA21A8887C3005D89A3 /* Build configuration list for PBXNativeTarget "iPhoneTT" */;
			buildPhases = (
				CF1EBE7B1A8887C3005D89A3 /* Sources */,
				CF1EBE7C1A8887C3005D89A3 /* Frameworks */,
				CF1EBE7D1A8887C3005D89A3 /* Resources */,
			);
			buildRules = (
			);
			dependencies = (
			);
			name = iPhoneTT;
			productName = iPhoneTT;
			productReference = CF1EBE7F1A8887C3005D89A3 /* iPhoneTT.app */;
			productType = "com.apple.product-type.application";
		};
		CF1EBE971A8887C3005D89A3 /* iPhoneTTTests */ = {
			isa = PBXNativeTarget;
			buildConfigurationList = CF1EBEA51A8887C3005D89A3 /* Build configuration list for PBXNativeTarget "iPhoneTTTests" */;
			buildPhases = (
				CF1EBE941A8887C3005D89A3 /* Sources */,
				CF1EBE951A8887C3005D89A3 /* Frameworks */,
				CF1EBE961A8887C3005D89A3 /* Resources */,
			);
			buildRules = (
			);
			dependencies = (
				CF1EBE9A1A8887C3005D89A3 /* PBXTargetDependency */,
			);
			name = iPhoneTTTests;
			productName = iPhoneTTTests;
			productReference = CF1EBE981A8887C3005D89A3 /* iPhoneTTTests.xctest */;
			productType = "com.apple.product-type.bundle.unit-test";
		};
/* End PBXNativeTarget section */

/* Begin PBXProject section */
		CF1EBE771A8887C3005D89A3 /* Project object */ = {
			isa = PBXProject;
			attributes = {
				LastUpgradeCheck = 0610;
				ORGANIZATIONNAME = YiBan.iOS;
				TargetAttributes = {
					CF1EBE7E1A8887C3005D89A3 = {
						CreatedOnToolsVersion = 6.1;
					};
					CF1EBE971A8887C3005D89A3 = {
						CreatedOnToolsVersion = 6.1;
						TestTargetID = CF1EBE7E1A8887C3005D89A3;
					};
				};
			};
			buildConfigurationList = CF1EBE7A1A8887C3005D89A3 /* Build configuration list for PBXProject "iPhoneTT" */;
			compatibilityVersion = "Xcode 3.2";
			developmentRegion = English;
			hasScannedForEncodings = 0;
			knownRegions = (
				en,
				Base,
			);
			mainGroup = CF1EBE761A8887C3005D89A3;
			productRefGroup = CF1EBE801A8887C3005D89A3 /* Products */;
			projectDirPath = "";
			projectRoot = "";
			targets = (
				CF1EBE7E1A8887C3005D89A3 /* iPhoneTT */,
				CF1EBE971A8887C3005D89A3 /* iPhoneTTTests */,
			);
		};
/* End PBXProject section */

/* Begin PBXResourcesBuildPhase section */
		CF1EBE7D1A8887C3005D89A3 /* Resources */ = {
			isa = PBXResourcesBuildPhase;
			buildActionMask = 2147483647;
			files = (
				CF1EBE8E1A8887C3005D89A3 /* Main.storyboard in Resources */,
				CF1EBE931A8887C3005D89A3 /* LaunchScreen.xib in Resources */,
				CF1EBE901A8887C3005D89A3 /* Images.xcassets in Resources */,
			);
			runOnlyForDeploymentPostprocessing = 0;
		};
		CF1EBE961A8887C3005D89A3 /* Resources */ = {
			isa = PBXResourcesBuildPhase;
			buildActionMask = 2147483647;
			files = (
			);
			runOnlyForDeploymentPostprocessing = 0;
		};
/* End PBXResourcesBuildPhase section */

/* Begin PBXSourcesBuildPhase section */
		CF1EBE7B1A8887C3005D89A3 /* Sources */ = {
			isa = PBXSourcesBuildPhase;
			buildActionMask = 2147483647;
			files = (
				CF1EBE8B1A8887C3005D89A3 /* ViewController.m in Sources */,
				CF1EBE881A8887C3005D89A3 /* AppDelegate.m in Sources */,
				CFCEF17B1A88987A00745004 /* YBDeviceManager.m in Sources */,
				CF1EBE851A8887C3005D89A3 /* main.m in Sources */,
			);
			runOnlyForDeploymentPostprocessing = 0;
		};
		CF1EBE941A8887C3005D89A3 /* Sources */ = {
			isa = PBXSourcesBuildPhase;
			buildActionMask = 2147483647;
			files = (
				CF1EBE9F1A8887C3005D89A3 /* iPhoneTTTests.m in Sources */,
			);
			runOnlyForDeploymentPostprocessing = 0;
		};
/* End PBXSourcesBuildPhase section */

/* Begin PBXTargetDependency section */
		CF1EBE9A1A8887C3005D89A3 /* PBXTargetDependency */ = {
			isa = PBXTargetDependency;
			target = CF1EBE7E1A8887C3005D89A3 /* iPhoneTT */;
			targetProxy = CF1EBE991A8887C3005D89A3 /* PBXContainerItemProxy */;
		};
/* End PBXTargetDependency section */

/* Begin PBXVariantGroup section */
		CF1EBE8C1A8887C3005D89A3 /* Main.storyboard */ = {
			isa = PBXVariantGroup;
			children = (
				CF1EBE8D1A8887C3005D89A3 /* Base */,
			);
			name = Main.storyboard;
			sourceTree = "<group>";
		};
		CF1EBE911A8887C3005D89A3 /* LaunchScreen.xib */ = {
			isa = PBXVariantGroup;
			children = (
				CF1EBE921A8887C3005D89A3 /* Base */,
			);
			name = LaunchScreen.xib;
			sourceTree = "<group>";
		};
/* End PBXVariantGroup section */

/* Begin XCBuildConfiguration section */
		CF1EBEA01A8887C3005D89A3 /* Debug */ = {
			isa = XCBuildConfiguration;
			buildSettings = {
				ALWAYS_SEARCH_USER_PATHS = NO;
				CLANG_CXX_LANGUAGE_STANDARD = "gnu++0x";
				CLANG_CXX_LIBRARY = "libc++";
				CLANG_ENABLE_MODULES = YES;
				CLANG_ENABLE_OBJC_ARC = YES;
				CLANG_WARN_BOOL_CONVERSION = YES;
				CLANG_WARN_CONSTANT_CONVERSION = YES;
				CLANG_WARN_DIRECT_OBJC_ISA_USAGE = YES_ERROR;
				CLANG_WARN_EMPTY_BODY = YES;
				CLANG_WARN_ENUM_CONVERSION = YES;
				CLANG_WARN_INT_CONVERSION = YES;
				CLANG_WARN_OBJC_ROOT_CLASS = YES_ERROR;
				CLANG_WARN_UNREACHABLE_CODE = YES;
				CLANG_WARN__DUPLICATE_METHOD_MATCH = YES;
				"CODE_SIGN_IDENTITY[sdk=iphoneos*]" = "iPhone Developer";
				COPY_PHASE_STRIP = NO;
				ENABLE_STRICT_OBJC_MSGSEND = YES;
				GCC_C_LANGUAGE_STANDARD = gnu99;
				GCC_DYNAMIC_NO_PIC = NO;
				GCC_OPTIMIZATION_LEVEL = 0;
				GCC_PREPROCESSOR_DEFINITIONS = (
					"DEBUG=1",
					"$(inherited)",
				);
				GCC_SYMBOLS_PRIVATE_EXTERN = NO;
				GCC_WARN_64_TO_32_BIT_CONVERSION = YES;
				GCC_WARN_ABOUT_RETURN_TYPE = YES_ERROR;
				GCC_WARN_UNDECLARED_SELECTOR = YES;
				GCC_WARN_UNINITIALIZED_AUTOS = YES_AGGRESSIVE;
				GCC_WARN_UNUSED_FUNCTION = YES;
				GCC_WARN_UNUSED_VARIABLE = YES;
				IPHONEOS_DEPLOYMENT_TARGET = 6.0;
				MTL_ENABLE_DEBUG_INFO = YES;
				ONLY_ACTIVE_ARCH = YES;
				SDKROOT = iphoneos;
			};
			name = Debug;
		};
		CF1EBEA11A8887C3005D89A3 /* Release */ = {
			isa = XCBuildConfiguration;
			buildSettings = {
				ALWAYS_SEARCH_USER_PATHS = NO;
				CLANG_CXX_LANGUAGE_STANDARD = "gnu++0x";
				CLANG_CXX_LIBRARY = "libc++";
				CLANG_ENABLE_MODULES = YES;
				CLANG_ENABLE_OBJC_ARC = YES;
				CLANG_WARN_BOOL_CONVERSION = YES;
				CLANG_WARN_CONSTANT_CONVERSION = YES;
				CLANG_WARN_DIRECT_OBJC_ISA_USAGE = YES_ERROR;
				CLANG_WARN_EMPTY_BODY = YES;
				CLANG_WARN_ENUM_CONVERSION = YES;
				CLANG_WARN_INT_CONVERSION = YES;
				CLANG_WARN_OBJC_ROOT_CLASS = YES_ERROR;
				CLANG_WARN_UNREACHABLE_CODE = YES;
				CLANG_WARN__DUPLICATE_METHOD_MATCH = YES;
				"CODE_SIGN_IDENTITY[sdk=iphoneos*]" = "iPhone Developer";
				COPY_PHASE_STRIP = YES;
				ENABLE_NS_ASSERTIONS = NO;
				ENABLE_STRICT_OBJC_MSGSEND = YES;
				GCC_C_LANGUAGE_STANDARD = gnu99;
				GCC_WARN_64_TO_32_BIT_CONVERSION = YES;
				GCC_WARN_ABOUT_RETURN_TYPE = YES_ERROR;
				GCC_WARN_UNDECLARED_SELECTOR = YES;
				GCC_WARN_UNINITIALIZED_AUTOS = YES_AGGRESSIVE;
				GCC_WARN_UNUSED_FUNCTION = YES;
				GCC_WARN_UNUSED_VARIABLE = YES;
				IPHONEOS_DEPLOYMENT_TARGET = 6.0;
				MTL_ENABLE_DEBUG_INFO = NO;
				SDKROOT = iphoneos;
				VALIDATE_PRODUCT = YES;
			};
			name = Release;
		};
		CF1EBEA31A8887C3005D89A3 /* Debug */ = {
			isa = XCBuildConfiguration;
			buildSettings = {
				ASSETCATALOG_COMPILER_APPICON_NAME = AppIcon;
				ASSETCATALOG_COMPILER_LAUNCHIMAGE_NAME = LaunchImage;
				INFOPLIST_FILE = iPhoneTT/Info.plist;
				LD_RUNPATH_SEARCH_PATHS = "$(inherited) @executable_path/Frameworks";
				PRODUCT_NAME = "$(TARGET_NAME)";
			};
			name = Debug;
		};
		CF1EBEA41A8887C3005D89A3 /* Release */ = {
			isa = XCBuildConfiguration;
			buildSettings = {
				ASSETCATALOG_COMPILER_APPICON_NAME = AppIcon;
				ASSETCATALOG_COMPILER_LAUNCHIMAGE_NAME = LaunchImage;
				INFOPLIST_FILE = iPhoneTT/Info.plist;
				LD_RUNPATH_SEARCH_PATHS = "$(inherited) @executable_path/Frameworks";
				PRODUCT_NAME = "$(TARGET_NAME)";
			};
			name = Release;
		};
		CF1EBEA61A8887C3005D89A3 /* Debug */ = {
			isa = XCBuildConfiguration;
			buildSettings = {
				BUNDLE_LOADER = "$(TEST_HOST)";
				FRAMEWORK_SEARCH_PATHS = (
					"$(SDKROOT)/Developer/Library/Frameworks",
					"$(inherited)",
				);
				GCC_PREPROCESSOR_DEFINITIONS = (
					"DEBUG=1",
					"$(inherited)",
				);
				INFOPLIST_FILE = iPhoneTTTests/Info.plist;
				LD_RUNPATH_SEARCH_PATHS = "$(inherited) @executable_path/Frameworks @loader_path/Frameworks";
				PRODUCT_NAME = "$(TARGET_NAME)";
				TEST_HOST = "$(BUILT_PRODUCTS_DIR)/iPhoneTT.app/iPhoneTT";
			};
			name = Debug;
		};
		CF1EBEA71A8887C3005D89A3 /* Release */ = {
			isa = XCBuildConfiguration;
			buildSettings = {
				BUNDLE_LOADER = "$(TEST_HOST)";
				FRAMEWORK_SEARCH_PATHS = (
					"$(SDKROOT)/Developer/Library/Frameworks",
					"$(inherited)",
				);
				INFOPLIST_FILE = iPhoneTTTests/Info.plist;
				LD_RUNPATH_SEARCH_PATHS = "$(inherited) @executable_path/Frameworks @loader_path/Frameworks";
				PRODUCT_NAME = "$(TARGET_NAME)";
				TEST_HOST = "$(BUILT_PRODUCTS_DIR)/iPhoneTT.app/iPhoneTT";
			};
			name = Release;
		};
/* End XCBuildConfiguration section */

/* Begin XCConfigurationList section */
		CF1EBE7A1A8887C3005D89A3 /* Build configuration list for PBXProject "iPhoneTT" */ = {
			isa = XCConfigurationList;
			buildConfigurations = (
				CF1EBEA01A8887C3005D89A3 /* Debug */,
				CF1EBEA11A8887C3005D89A3 /* Release */,
			);
			defaultConfigurationIsVisible = 0;
			defaultConfigurationName = Release;
		};
		CF1EBEA21A8887C3005D89A3 /* Build configuration list for PBXNativeTarget "iPhoneTT" */ = {
			isa = XCConfigurationList;
			buildConfigurations = (
				CF1EBEA31A8887C3005D89A3 /* Debug */,
				CF1EBEA41A8887C3005D89A3 /* Release */,
			);
			defaultConfigurationIsVisible = 0;
			defaultConfigurationName = Release;
		};
		CF1EBEA51A8887C3005D89A3 /* Build configuration list for PBXNativeTarget "iPhoneTTTests" */ = {
			isa = XCConfigurationList;
			buildConfigurations = (
				CF1EBEA61A8887C3005D89A3 /* Debug */,
				CF1EBEA71A8887C3005D89A3 /* Release */,
			);
			defaultConfigurationIsVisible = 0;
			defaultConfigurationName = Release;
		};
/* End XCConfigurationList section */
	};
	rootObject = CF1EBE771A8887C3005D89A3 /* Project object */;
}
